{
  "version": 4,
  "terraform_version": "0.12.8",
  "serial": 23,
  "lineage": "b132440f-54a8-8362-fc7c-73e140dad2a3",
  "outputs": {},
  "resources": [
    {
      "mode": "managed",
      "type": "yandex_compute_instance",
      "name": "app",
      "provider": "provider.yandex",
      "instances": [
        {
          "status": "tainted",
          "schema_version": 1,
          "attributes": {
            "allow_stopping_for_update": null,
            "boot_disk": [
              {
                "auto_delete": true,
                "device_name": "fhm0b80hc0vmo7algh7b",
                "disk_id": "fhm0b80hc0vmo7algh7b",
                "initialize_params": [
                  {
                    "description": "",
                    "image_id": "fd8b5dv5717qede4og1q",
                    "name": "",
                    "size": 10,
                    "snapshot_id": "",
                    "type": "network-hdd"
                  }
                ],
                "mode": "READ_WRITE"
              }
            ],
            "created_at": "2021-04-06T12:48:26Z",
            "description": "",
            "folder_id": "b1gabf9ceva9db98unsh",
            "fqdn": "fhmlt7ea3onqj3g8e3i6.auto.internal",
            "hostname": "fhmlt7ea3onqj3g8e3i6",
            "id": "fhmlt7ea3onqj3g8e3i6",
            "labels": null,
            "metadata": {
              "ssh-keys": "ubuntu:ssh-rsa AAAAB3NzaC1yc2EAAAADAQABAAABAQDE2hJMqsFMQtjijIdPRx3EwFH2O71HLA5ufkSPDbE9cfjFPYr2CYofMEdq/16FMAXIVM7Fl6ZtpYl9HSBukT1nDYmMibFl39cGFka/hA350ySokP9y3ZQdlZxY6vQr+6ImSqH+nOjotCnF24wEDc/H+AfraxEUHGsm+R2bMIVT8Nw215nmndUMDViEBKID2/w3e2VS4hSc4VDxRwxKDXnUX9FanHM9IYebpWukB/APvtdqydVHatZcpYFRLMOz8kHIMSf3bY22umznq6aDqSGSHNyGyOGsDKbZe6QYUt7GCsi+Hh2ci9UWcmmFHaBHtRRDASX5Ket4BRP+yR5C49QD appuser\n"
            },
            "name": "reddit-app",
            "network_acceleration_type": "standard",
            "network_interface": [
              {
                "index": 0,
                "ip_address": "192.168.0.22",
                "ipv4": true,
                "ipv6": false,
                "ipv6_address": "",
                "mac_address": "d0:0d:15:e9:dc:a1",
                "nat": true,
                "nat_ip_address": "178.154.201.251",
                "nat_ip_version": "IPV4",
                "security_group_ids": [],
                "subnet_id": "e9bloi131i8uqopjcnkr"
              }
            ],
            "placement_policy": [
              {
                "placement_group_id": ""
              }
            ],
            "platform_id": "standard-v1",
            "resources": [
              {
                "core_fraction": 100,
                "cores": 2,
                "gpus": 0,
                "memory": 2
              }
            ],
            "scheduling_policy": [
              {
                "preemptible": false
              }
            ],
            "secondary_disk": [],
            "service_account_id": "",
            "status": "running",
            "timeouts": null,
            "zone": "ru-central1-a"
          },
          "private": "eyJlMmJmYjczMC1lY2FhLTExZTYtOGY4OC0zNDM2M2JjN2M0YzAiOnsiY3JlYXRlIjozMDAwMDAwMDAwMDAsImRlbGV0ZSI6MzAwMDAwMDAwMDAwLCJ1cGRhdGUiOjMwMDAwMDAwMDAwMH0sInNjaGVtYV92ZXJzaW9uIjoiMSJ9"
        }
      ]
    }
  ]
}
